
Microsoft Visual Studio Solution File, Format Version 12.00
# Visual Studio 15
VisualStudioVersion = 15.0.27004.2009
MinimumVisualStudioVersion = 10.0.40219.1
Project("{FAE04EC0-301F-11D3-BF4B-00C04F79EFBC}") = "Dal", "Dal\Dal.csproj", "{75A4B149-224D-410F-ABB0-41EBA86D93FB}"
EndProject
Project("{FAE04EC0-301F-11D3-BF4B-00C04F79EFBC}") = "PLWPF", "PL\PLWPF.csproj", "{09D3E946-23E8-4347-8234-4DB925EC71FA}"
EndProject
Project("{FAE04EC0-301F-11D3-BF4B-00C04F79EFBC}") = "BL", "BL\BL.csproj", "{CD3E2515-C08A-4677-9527-2C757D506A24}"
EndProject
Project("{FAE04EC0-301F-11D3-BF4B-00C04F79EFBC}") = "DataProtocol", "DataProtocol\DataProtocol.csproj", "{47AF5E6C-8C50-442E-A837-BCD95F2F52AD}"
EndProject
Global
	GlobalSection(SolutionConfigurationPlatforms) = preSolution
		Debug|Any CPU = Debug|Any CPU
		Release|Any CPU = Release|Any CPU
	EndGlobalSection
	GlobalSection(ProjectConfigurationPlatforms) = postSolution
		{75A4B149-224D-410F-ABB0-41EBA86D93FB}.Debug|Any CPU.ActiveCfg = Debug|Any CPU
		{75A4B149-224D-410F-ABB0-41EBA86D93FB}.Debug|Any CPU.Build.0 = Debug|Any CPU
		{75A4B149-224D-410F-ABB0-41EBA86D93FB}.Release|Any CPU.ActiveCfg = Release|Any CPU
		{75A4B149-224D-410F-ABB0-41EBA86D93FB}.Release|Any CPU.Build.0 = Release|Any CPU
		{09D3E946-23E8-4347-8234-4DB925EC71FA}.Debug|Any CPU.ActiveCfg = Debug|Any CPU
		{09D3E946-23E8-4347-8234-4DB925EC71FA}.Debug|Any CPU.Build.0 = Debug|Any CPU
		{09D3E946-23E8-4347-8234-4DB925EC71FA}.Release|Any CPU.ActiveCfg = Release|Any CPU
		{09D3E946-23E8-4347-8234-4DB925EC71FA}.Release|Any CPU.Build.0 = Release|Any CPU
		{CD3E2515-C08A-4677-9527-2C757D506A24}.Debug|Any CPU.ActiveCfg = Debug|Any CPU
		{CD3E2515-C08A-4677-9527-2C757D506A24}.Debug|Any CPU.Build.0 = Debug|Any CPU
		{CD3E2515-C08A-4677-9527-2C757D506A24}.Release|Any CPU.ActiveCfg = Release|Any CPU
		{CD3E2515-C08A-4677-9527-2C757D506A24}.Release|Any CPU.Build.0 = Release|Any CPU
		{47AF5E6C-8C50-442E-A837-BCD95F2F52AD}.Debug|Any CPU.ActiveCfg = Debug|Any CPU
		{47AF5E6C-8C50-442E-A837-BCD95F2F52AD}.Debug|Any CPU.Build.0 = Debug|Any CPU
		{47AF5E6C-8C50-442E-A837-BCD95F2F52AD}.Release|Any CPU.ActiveCfg = Release|Any CPU
		{47AF5E6C-8C50-442E-A837-BCD95F2F52AD}.Release|Any CPU.Build.0 = Release|Any CPU
	EndGlobalSection
	GlobalSection(SolutionProperties) = preSolution
		HideSolutionNode = FALSE
	EndGlobalSection
	GlobalSection(ExtensibilityGlobals) = postSolution
		SolutionGuid = {7B99430F-111E-4DD4-BDA0-035BD6A2ED66}
	EndGlobalSection
EndGlobal
